{
	"name": "@citation-js/plugin-wikidata",
	"version": "0.4.4",
	"lockfileVersion": 1,
	"requires": true,
	"dependencies": {
		"@citation-js/date": {
			"version": "0.4.4",
			"resolved": "https://registry.npmjs.org/@citation-js/date/-/date-0.4.4.tgz",
			"integrity": "sha512-wD195pZPwCCN8idhxz4HYZbf5mMnPZMRhOipcU8v1orZWqZp6YDRjOplNKo6yX7tf6fB4ZO8QLuNaNjuic5AWQ=="
		},
		"@citation-js/name": {
			"version": "0.4.2",
			"resolved": "https://registry.npmjs.org/@citation-js/name/-/name-0.4.2.tgz",
			"integrity": "sha512-brSPsjs2fOVzSnARLKu0qncn6suWjHVQtrqSUrnqyaRH95r/Ad4wPF5EsoWr+Dx8HzkCGb/ogmoAzfCsqlTwTQ=="
		},
		"wikibase-sdk": {
			"version": "7.0.8",
			"resolved": "https://registry.npmjs.org/wikibase-sdk/-/wikibase-sdk-7.0.8.tgz",
			"integrity": "sha512-fs85F7rnqUay73En0ThUCEgCoJjfidcHj+YJK80yjcrqK/DZa00L+DGwOJ2BMc7/ZFq3w3OguFlwCFiXZAlsbg=="
		},
		"wikidata-sdk": {
			"version": "7.0.7",
			"resolved": "https://registry.npmjs.org/wikidata-sdk/-/wikidata-sdk-7.0.7.tgz",
			"integrity": "sha512-p3DIAimYU0Nn4pRrN939KJFSO1SGAcqiajU+Zrgow26qfVeetImqPF/bwiOYo64supci5tEsJrrEe44MRPJpIA==",
			"requires": {
				"wikibase-sdk": "^7.0.7"
			}
		}
	}
}
