{
	"name": "@citation-js/plugin-wikidata",
	"version": "0.5.0-alpha.7",
	"lockfileVersion": 1,
	"requires": true,
	"dependencies": {
		"@citation-js/core": {
			"version": "0.5.0-alpha.2",
			"resolved": "https://registry.npmjs.org/@citation-js/core/-/core-0.5.0-alpha.2.tgz",
			"integrity": "sha512-KVb8M0EZ2g26ASxgxBxRzZfdT3D5+60aCcHycxMsAs5DgDsJbqF0CeUq3fpwDwD/EUaZsDJ057/mORr8zPRywg==",
			"dev": true,
			"requires": {
				"@citation-js/date": "^0.4.4",
				"@citation-js/name": "^0.4.2",
				"isomorphic-fetch": "^2.2.1",
				"sync-fetch": "^0.1.0"
			}
		},
		"@citation-js/date": {
			"version": "0.4.4",
			"resolved": "https://registry.npmjs.org/@citation-js/date/-/date-0.4.4.tgz",
			"integrity": "sha512-wD195pZPwCCN8idhxz4HYZbf5mMnPZMRhOipcU8v1orZWqZp6YDRjOplNKo6yX7tf6fB4ZO8QLuNaNjuic5AWQ=="
		},
		"@citation-js/name": {
			"version": "0.4.2",
			"resolved": "https://registry.npmjs.org/@citation-js/name/-/name-0.4.2.tgz",
			"integrity": "sha512-brSPsjs2fOVzSnARLKu0qncn6suWjHVQtrqSUrnqyaRH95r/Ad4wPF5EsoWr+Dx8HzkCGb/ogmoAzfCsqlTwTQ=="
		},
		"base64-js": {
			"version": "1.3.1",
			"resolved": "https://registry.npmjs.org/base64-js/-/base64-js-1.3.1.tgz",
			"integrity": "sha512-mLQ4i2QO1ytvGWFWmcngKO//JXAQueZvwEKtjgQFM4jIK0kU+ytMfplL8j+n5mspOfjHwoAg+9yhb7BwAHm36g==",
			"dev": true
		},
		"buffer": {
			"version": "5.4.3",
			"resolved": "https://registry.npmjs.org/buffer/-/buffer-5.4.3.tgz",
			"integrity": "sha512-zvj65TkFeIt3i6aj5bIvJDzjjQQGs4o/sNoezg1F1kYap9Nu2jcUdpwzRSJTHMMzG0H7bZkn4rNQpImhuxWX2A==",
			"dev": true,
			"requires": {
				"base64-js": "^1.0.2",
				"ieee754": "^1.1.4"
			}
		},
		"encoding": {
			"version": "0.1.12",
			"resolved": "https://registry.npmjs.org/encoding/-/encoding-0.1.12.tgz",
			"integrity": "sha1-U4tm8+5izRq1HsMjgp0flIDHS+s=",
			"dev": true,
			"requires": {
				"iconv-lite": "~0.4.13"
			}
		},
		"iconv-lite": {
			"version": "0.4.24",
			"resolved": "https://registry.npmjs.org/iconv-lite/-/iconv-lite-0.4.24.tgz",
			"integrity": "sha512-v3MXnZAcvnywkTUEZomIActle7RXXeedOR31wwl7VlyoXO4Qi9arvSenNQWne1TcRwhCL1HwLI21bEqdpj8/rA==",
			"dev": true,
			"requires": {
				"safer-buffer": ">= 2.1.2 < 3"
			}
		},
		"ieee754": {
			"version": "1.1.13",
			"resolved": "https://registry.npmjs.org/ieee754/-/ieee754-1.1.13.tgz",
			"integrity": "sha512-4vf7I2LYV/HaWerSo3XmlMkp5eZ83i+/CDluXi/IGTs/O1sejBNhTtnxzmRZfvOUqj7lZjqHkeTvpgSFDlWZTg==",
			"dev": true
		},
		"is-stream": {
			"version": "1.1.0",
			"resolved": "https://registry.npmjs.org/is-stream/-/is-stream-1.1.0.tgz",
			"integrity": "sha1-EtSj3U5o4Lec6428hBc66A2RykQ=",
			"dev": true
		},
		"isomorphic-fetch": {
			"version": "2.2.1",
			"resolved": "https://registry.npmjs.org/isomorphic-fetch/-/isomorphic-fetch-2.2.1.tgz",
			"integrity": "sha1-YRrhrPFPXoH3KVB0coGf6XM1WKk=",
			"dev": true,
			"requires": {
				"node-fetch": "^1.0.1",
				"whatwg-fetch": ">=0.10.0"
			}
		},
		"node-fetch": {
			"version": "1.7.3",
			"resolved": "https://registry.npmjs.org/node-fetch/-/node-fetch-1.7.3.tgz",
			"integrity": "sha512-NhZ4CsKx7cYm2vSrBAr2PvFOe6sWDf0UYLRqA6svUYg7+/TSfVAu49jYC4BvQ4Sms9SZgdqGBgroqfDhJdTyKQ==",
			"dev": true,
			"requires": {
				"encoding": "^0.1.11",
				"is-stream": "^1.0.1"
			}
		},
		"safer-buffer": {
			"version": "2.1.2",
			"resolved": "https://registry.npmjs.org/safer-buffer/-/safer-buffer-2.1.2.tgz",
			"integrity": "sha512-YZo3K82SD7Riyi0E1EQPojLz7kpepnSQI9IyPbHHg1XXXevb5dJI7tpyN2ADxGcQbHG7vcyRHk0cbwqcQriUtg==",
			"dev": true
		},
		"sync-fetch": {
			"version": "0.1.0",
			"resolved": "https://registry.npmjs.org/sync-fetch/-/sync-fetch-0.1.0.tgz",
			"integrity": "sha512-OV19THZ+2Cu9cjMGk93VV5GuOB4tzv4tk8MPk0GnzOb/i3vQJusdXG+/FIA/RYvwHc8h3eb/XdZgmy3zTKcmhQ==",
			"dev": true,
			"requires": {
				"buffer": "^5.4.2",
				"node-fetch": "^2.6.0"
			},
			"dependencies": {
				"node-fetch": {
					"version": "2.6.0",
					"resolved": "https://registry.npmjs.org/node-fetch/-/node-fetch-2.6.0.tgz",
					"integrity": "sha512-8dG4H5ujfvFiqDmVu9fQ5bOHUC15JMjMY/Zumv26oOvvVJjM67KF8koCWIabKQ1GJIa9r2mMZscBq/TbdOcmNA==",
					"dev": true
				}
			}
		},
		"whatwg-fetch": {
			"version": "3.0.0",
			"resolved": "https://registry.npmjs.org/whatwg-fetch/-/whatwg-fetch-3.0.0.tgz",
			"integrity": "sha512-9GSJUgz1D4MfyKU7KRqwOjXCXTqWdFNvEr7eUBYchQiVc744mqK/MzXPNR2WsPkmkOa4ywfg8C2n8h+13Bey1Q==",
			"dev": true
		},
		"wikibase-sdk": {
			"version": "7.0.8",
			"resolved": "https://registry.npmjs.org/wikibase-sdk/-/wikibase-sdk-7.0.8.tgz",
			"integrity": "sha512-fs85F7rnqUay73En0ThUCEgCoJjfidcHj+YJK80yjcrqK/DZa00L+DGwOJ2BMc7/ZFq3w3OguFlwCFiXZAlsbg=="
		},
		"wikidata-sdk": {
			"version": "7.0.7",
			"resolved": "https://registry.npmjs.org/wikidata-sdk/-/wikidata-sdk-7.0.7.tgz",
			"integrity": "sha512-p3DIAimYU0Nn4pRrN939KJFSO1SGAcqiajU+Zrgow26qfVeetImqPF/bwiOYo64supci5tEsJrrEe44MRPJpIA==",
			"requires": {
				"wikibase-sdk": "^7.0.7"
			}
		}
	}
}
