{
	"name": "@citation-js/plugin-csl",
	"version": "0.4.3",
	"lockfileVersion": 1,
	"requires": true,
	"dependencies": {
		"citeproc": {
			"version": "2.2.9",
			"resolved": "https://registry.npmjs.org/citeproc/-/citeproc-2.2.9.tgz",
			"integrity": "sha512-AKQEkro1SxiVUIg/EYUFKG/o/vYpt62L5cwopZptP1XcVXurHH/8bT4i7xbTgd4DwHjqyMIiV18e3KhDgPUjoA=="
		}
	}
}
