{
	"name": "@citation-js/plugin-csl",
	"version": "0.4.3-alpha.0",
	"lockfileVersion": 1,
	"requires": true,
	"dependencies": {
		"citeproc": {
			"version": "2.2.1",
			"resolved": "https://registry.npmjs.org/citeproc/-/citeproc-2.2.1.tgz",
			"integrity": "sha512-aS6aplmB2KPuAu02UOJzNq2hjUqhx/10o6uC9mEyRUwKlscXgUlUTSqNvy0TcphPnnjloCGzHLXsnrcRb15XMA=="
		}
	}
}
