{
	"name": "@citation-js/plugin-csl",
	"version": "0.4.0-rc.2",
	"lockfileVersion": 1,
	"requires": true,
	"dependencies": {
		"citeproc": {
			"version": "2.1.220",
			"resolved": "https://registry.npmjs.org/citeproc/-/citeproc-2.1.220.tgz",
			"integrity": "sha512-P3xyU9lP2SytSvLU+R6yhepZTGFTBGc8w6JBr9eo7gxibHNNB78nMpdhDsE6+UhCqt7CFdiEhapPeAz4O3hvyg=="
		}
	}
}
