{
	"name": "@citation-js/plugin-bibtex",
	"version": "0.4.0-rc.1",
	"lockfileVersion": 1,
	"requires": true,
	"dependencies": {
		"@citation-js/date": {
			"version": "0.4.2",
			"resolved": "https://registry.npmjs.org/@citation-js/date/-/date-0.4.2.tgz",
			"integrity": "sha512-G9hVy4YsoaHyzns89Qkvtubt7853v9QO0yWx8sUCyRtAccjmdzgFixWhmgiRw8Y4fqLdlGhHIbwratYRLZp7/A=="
		},
		"@citation-js/name": {
			"version": "0.4.2",
			"resolved": "https://registry.npmjs.org/@citation-js/name/-/name-0.4.2.tgz",
			"integrity": "sha512-brSPsjs2fOVzSnARLKu0qncn6suWjHVQtrqSUrnqyaRH95r/Ad4wPF5EsoWr+Dx8HzkCGb/ogmoAzfCsqlTwTQ=="
		}
	}
}
