{
  "name": "@citation-js/cli",
  "version": "0.7.2",
  "lockfileVersion": 2,
  "requires": true,
  "packages": {
    "": {
      "name": "@citation-js/cli",
      "version": "0.7.2",
      "license": "MIT",
      "dependencies": {
        "@citation-js/core": "^0.7.1",
        "@citation-js/plugin-bibjson": "^0.7.2",
        "@citation-js/plugin-bibtex": "^0.7.2",
        "@citation-js/plugin-csl": "^0.7.2",
        "@citation-js/plugin-doi": "^0.7.2",
        "@citation-js/plugin-ris": "^0.7.2",
        "@citation-js/plugin-wikidata": "^0.7.2",
        "commander": "^11.0.0"
      },
      "bin": {
        "citation-js": "lib/index.js"
      },
      "engines": {
        "node": ">=16.0.0"
      }
    },
    "node_modules/@citation-js/core": {
      "version": "0.7.1",
      "resolved": "https://registry.npmjs.org/@citation-js/core/-/core-0.7.1.tgz",
      "integrity": "sha512-vt7O/KbWNj6v0/fTKRJfjLE0VU4bV13LR69bG4V4lvWEq8TqXSNR4TVEINJuAwBLCofTk6LRyF82oGpb9AgaPQ==",
      "dependencies": {
        "@citation-js/date": "^0.5.0",
        "@citation-js/name": "^0.4.2",
        "fetch-ponyfill": "^7.1.0",
        "sync-fetch": "^0.4.1"
      },
      "engines": {
        "node": ">=16.0.0"
      }
    },
    "node_modules/@citation-js/date": {
      "version": "0.5.1",
      "resolved": "https://registry.npmjs.org/@citation-js/date/-/date-0.5.1.tgz",
      "integrity": "sha512-1iDKAZ4ie48PVhovsOXQ+C6o55dWJloXqtznnnKy6CltJBQLIuLLuUqa8zlIvma0ZigjVjgDUhnVaNU1MErtZw==",
      "engines": {
        "node": ">=10.0.0"
      }
    },
    "node_modules/@citation-js/name": {
      "version": "0.4.2",
      "resolved": "https://registry.npmjs.org/@citation-js/name/-/name-0.4.2.tgz",
      "integrity": "sha512-brSPsjs2fOVzSnARLKu0qncn6suWjHVQtrqSUrnqyaRH95r/Ad4wPF5EsoWr+Dx8HzkCGb/ogmoAzfCsqlTwTQ==",
      "engines": {
        "node": ">=6"
      }
    },
    "node_modules/@citation-js/plugin-bibjson": {
      "version": "0.7.1",
      "resolved": "https://registry.npmjs.org/@citation-js/plugin-bibjson/-/plugin-bibjson-0.7.1.tgz",
      "integrity": "sha512-5JnISRx9/V+dBNpHt1qoSuvojqSip7+7FvdI1CFVEo9usLaOfEzfHc2E7BlwUum993t3yJJtRdh9ClnGtutyaw==",
      "dependencies": {
        "@citation-js/date": "^0.5.0",
        "@citation-js/name": "^0.4.2"
      },
      "engines": {
        "node": ">=16.0.0"
      },
      "peerDependencies": {
        "@citation-js/core": "^0.7.0"
      }
    },
    "node_modules/@citation-js/plugin-bibtex": {
      "version": "0.7.1",
      "resolved": "https://registry.npmjs.org/@citation-js/plugin-bibtex/-/plugin-bibtex-0.7.1.tgz",
      "integrity": "sha512-dj/GzpceS/QNbU8+rVzJfXeli7XSTYVTltGv5w2RHM+CCOdtG3tiFP1Ohu3yWi+8VPMjQJG9u2W789grIqc/ng==",
      "dependencies": {
        "@citation-js/date": "^0.5.0",
        "@citation-js/name": "^0.4.2",
        "moo": "^0.5.1"
      },
      "engines": {
        "node": ">=16.0.0"
      },
      "peerDependencies": {
        "@citation-js/core": "^0.7.0"
      }
    },
    "node_modules/@citation-js/plugin-csl": {
      "version": "0.7.1",
      "resolved": "https://registry.npmjs.org/@citation-js/plugin-csl/-/plugin-csl-0.7.1.tgz",
      "integrity": "sha512-B5Yv1o04Ds8/PF3FYlfL7bL3LFpVUhCEOAEqLFN5qgk785dnU0gMhDYbpJuCbQ8P6lIQpoU7O5x+EcJvWQhqCA==",
      "dependencies": {
        "@citation-js/date": "^0.5.0",
        "citeproc": "^2.4.6"
      },
      "engines": {
        "node": ">=16.0.0"
      },
      "peerDependencies": {
        "@citation-js/core": "^0.7.0"
      }
    },
    "node_modules/@citation-js/plugin-doi": {
      "version": "0.7.1",
      "resolved": "https://registry.npmjs.org/@citation-js/plugin-doi/-/plugin-doi-0.7.1.tgz",
      "integrity": "sha512-CXZnZ8GIEFYAe3T5Dp4mNkmdi5cYkPGIVByt1MNrOsjNjcXTcNoEqV6jAYwxjws+WDksiS3g7C5oVYUMEcERgA==",
      "dependencies": {
        "@citation-js/date": "^0.5.0"
      },
      "engines": {
        "node": ">=16.0.0"
      },
      "peerDependencies": {
        "@citation-js/core": "^0.7.0"
      }
    },
    "node_modules/@citation-js/plugin-ris": {
      "version": "0.7.1",
      "resolved": "https://registry.npmjs.org/@citation-js/plugin-ris/-/plugin-ris-0.7.1.tgz",
      "integrity": "sha512-u18gC1bsX7JrT4i3BUeQkGZSq+UQ+AIjRs/zX35/F5Vi7OYTBcrfWWcZSJj1GJatin6vNXxaHZrwaVHq8LJuww==",
      "dependencies": {
        "@citation-js/date": "^0.5.0",
        "@citation-js/name": "^0.4.2"
      },
      "engines": {
        "node": ">=16.0.0"
      },
      "peerDependencies": {
        "@citation-js/core": "^0.7.0"
      }
    },
    "node_modules/@citation-js/plugin-wikidata": {
      "version": "0.7.1",
      "resolved": "https://registry.npmjs.org/@citation-js/plugin-wikidata/-/plugin-wikidata-0.7.1.tgz",
      "integrity": "sha512-7wkjbLtt9n4pcvhy2dDIJWBgKejIoUZ3TJtYe6eQ5hCkgijZ8ZR6zNB/yfIL8bDoJTvWDLqlENUXpk3vfzRYsw==",
      "dependencies": {
        "@citation-js/date": "^0.5.0",
        "@citation-js/name": "^0.4.2",
        "wikidata-sdk": "^8.0.0"
      },
      "engines": {
        "node": ">=16.0.0"
      },
      "peerDependencies": {
        "@citation-js/core": "^0.7.0"
      }
    },
    "node_modules/base64-js": {
      "version": "1.5.1",
      "resolved": "https://registry.npmjs.org/base64-js/-/base64-js-1.5.1.tgz",
      "integrity": "sha512-AKpaYlHn8t4SVbOHCy+b5+KKgvR4vrsD8vbvrbiQJps7fKDTkjkDry6ji0rUJjC0kzbNePLwzxq8iypo41qeWA==",
      "funding": [
        {
          "type": "github",
          "url": "https://github.com/sponsors/feross"
        },
        {
          "type": "patreon",
          "url": "https://www.patreon.com/feross"
        },
        {
          "type": "consulting",
          "url": "https://feross.org/support"
        }
      ]
    },
    "node_modules/buffer": {
      "version": "5.7.1",
      "resolved": "https://registry.npmjs.org/buffer/-/buffer-5.7.1.tgz",
      "integrity": "sha512-EHcyIPBQ4BSGlvjB16k5KgAJ27CIsHY/2JBmCRReo48y9rQ3MaUzWX3KVlBa4U7MyX02HdVj0K7C3WaB3ju7FQ==",
      "funding": [
        {
          "type": "github",
          "url": "https://github.com/sponsors/feross"
        },
        {
          "type": "patreon",
          "url": "https://www.patreon.com/feross"
        },
        {
          "type": "consulting",
          "url": "https://feross.org/support"
        }
      ],
      "dependencies": {
        "base64-js": "^1.3.1",
        "ieee754": "^1.1.13"
      }
    },
    "node_modules/citeproc": {
      "version": "2.4.62",
      "resolved": "https://registry.npmjs.org/citeproc/-/citeproc-2.4.62.tgz",
      "integrity": "sha512-l3uFfSEwNZp/jlz/TpgyBs85kOww6VlQHbAth0cpbgOn6iulZd+QlFY43LrRelzcYt3FZHTZ3soDyd8lNmkqdw=="
    },
    "node_modules/commander": {
      "version": "11.0.0",
      "resolved": "https://registry.npmjs.org/commander/-/commander-11.0.0.tgz",
      "integrity": "sha512-9HMlXtt/BNoYr8ooyjjNRdIilOTkVJXB+GhxMTtOKwk0R4j4lS4NpjuqmRxroBfnfTSHQIHQB7wryHhXarNjmQ==",
      "engines": {
        "node": ">=16"
      }
    },
    "node_modules/fetch-ponyfill": {
      "version": "7.1.0",
      "resolved": "https://registry.npmjs.org/fetch-ponyfill/-/fetch-ponyfill-7.1.0.tgz",
      "integrity": "sha512-FhbbL55dj/qdVO3YNK7ZEkshvj3eQ7EuIGV2I6ic/2YiocvyWv+7jg2s4AyS0wdRU75s3tA8ZxI/xPigb0v5Aw==",
      "dependencies": {
        "node-fetch": "~2.6.1"
      }
    },
    "node_modules/ieee754": {
      "version": "1.2.1",
      "resolved": "https://registry.npmjs.org/ieee754/-/ieee754-1.2.1.tgz",
      "integrity": "sha512-dcyqhDvX1C46lXZcVqCpK+FtMRQVdIMN6/Df5js2zouUsqG7I6sFxitIC+7KYK29KdXOLHdu9zL4sFnoVQnqaA==",
      "funding": [
        {
          "type": "github",
          "url": "https://github.com/sponsors/feross"
        },
        {
          "type": "patreon",
          "url": "https://www.patreon.com/feross"
        },
        {
          "type": "consulting",
          "url": "https://feross.org/support"
        }
      ]
    },
    "node_modules/moo": {
      "version": "0.5.1",
      "resolved": "https://registry.npmjs.org/moo/-/moo-0.5.1.tgz",
      "integrity": "sha512-I1mnb5xn4fO80BH9BLcF0yLypy2UKl+Cb01Fu0hJRkJjlCRtxZMWkTdAtDd5ZqCOxtCkhmRwyI57vWT+1iZ67w=="
    },
    "node_modules/node-fetch": {
      "version": "2.6.7",
      "resolved": "https://registry.npmjs.org/node-fetch/-/node-fetch-2.6.7.tgz",
      "integrity": "sha512-ZjMPFEfVx5j+y2yF35Kzx5sF7kDzxuDj6ziH4FFbOp87zKDZNx8yExJIb05OGF4Nlt9IHFIMBkRl41VdvcNdbQ==",
      "dependencies": {
        "whatwg-url": "^5.0.0"
      },
      "engines": {
        "node": "4.x || >=6.0.0"
      },
      "peerDependencies": {
        "encoding": "^0.1.0"
      },
      "peerDependenciesMeta": {
        "encoding": {
          "optional": true
        }
      }
    },
    "node_modules/sync-fetch": {
      "version": "0.4.1",
      "resolved": "https://registry.npmjs.org/sync-fetch/-/sync-fetch-0.4.1.tgz",
      "integrity": "sha512-JDtyFEvnKUzt1CxRtzzsGgkBanEv8XRmLyJo0F0nGkpCR8EjYmpOJJXz8GA/SWtlPU0nAYh0+CNMNnFworGyOA==",
      "dependencies": {
        "buffer": "^5.7.1",
        "node-fetch": "^2.6.1"
      },
      "engines": {
        "node": ">=14"
      }
    },
    "node_modules/tr46": {
      "version": "0.0.3",
      "resolved": "https://registry.npmjs.org/tr46/-/tr46-0.0.3.tgz",
      "integrity": "sha1-gYT9NH2snNwYWZLzpmIuFLnZq2o="
    },
    "node_modules/webidl-conversions": {
      "version": "3.0.1",
      "resolved": "https://registry.npmjs.org/webidl-conversions/-/webidl-conversions-3.0.1.tgz",
      "integrity": "sha1-JFNCdeKnvGvnvIZhHMFq4KVlSHE="
    },
    "node_modules/whatwg-url": {
      "version": "5.0.0",
      "resolved": "https://registry.npmjs.org/whatwg-url/-/whatwg-url-5.0.0.tgz",
      "integrity": "sha1-lmRU6HZUYuN2RNNib2dCzotwll0=",
      "dependencies": {
        "tr46": "~0.0.3",
        "webidl-conversions": "^3.0.0"
      }
    },
    "node_modules/wikibase-sdk": {
      "version": "8.0.0",
      "resolved": "https://registry.npmjs.org/wikibase-sdk/-/wikibase-sdk-8.0.0.tgz",
      "integrity": "sha512-t2mKvASLPqkDNk/CY1z4boB9F/7JsRls9qLXftO2xHAvUVzAcBD/aTjhzwRMmvLRcHfoo38cOlo8J2/tN0yTMA==",
      "engines": {
        "node": ">= 10.0.0"
      }
    },
    "node_modules/wikidata-sdk": {
      "version": "8.0.0",
      "resolved": "https://registry.npmjs.org/wikidata-sdk/-/wikidata-sdk-8.0.0.tgz",
      "integrity": "sha512-jhEQ6tdlSHGeDRb0DhHGPjoKRNaVr5E5dFAxVnkpdDNca7mAIBmONC24+QUCcx42MgIt6qD3s1bB3IRIYr7sRg==",
      "dependencies": {
        "wikibase-sdk": "^8.0.0"
      },
      "engines": {
        "node": ">= 6.4"
      }
    }
  },
  "dependencies": {
    "@citation-js/core": {
      "version": "0.7.1",
      "resolved": "https://registry.npmjs.org/@citation-js/core/-/core-0.7.1.tgz",
      "integrity": "sha512-vt7O/KbWNj6v0/fTKRJfjLE0VU4bV13LR69bG4V4lvWEq8TqXSNR4TVEINJuAwBLCofTk6LRyF82oGpb9AgaPQ==",
      "requires": {
        "@citation-js/date": "^0.5.0",
        "@citation-js/name": "^0.4.2",
        "fetch-ponyfill": "^7.1.0",
        "sync-fetch": "^0.4.1"
      }
    },
    "@citation-js/date": {
      "version": "0.5.1",
      "resolved": "https://registry.npmjs.org/@citation-js/date/-/date-0.5.1.tgz",
      "integrity": "sha512-1iDKAZ4ie48PVhovsOXQ+C6o55dWJloXqtznnnKy6CltJBQLIuLLuUqa8zlIvma0ZigjVjgDUhnVaNU1MErtZw=="
    },
    "@citation-js/name": {
      "version": "0.4.2",
      "resolved": "https://registry.npmjs.org/@citation-js/name/-/name-0.4.2.tgz",
      "integrity": "sha512-brSPsjs2fOVzSnARLKu0qncn6suWjHVQtrqSUrnqyaRH95r/Ad4wPF5EsoWr+Dx8HzkCGb/ogmoAzfCsqlTwTQ=="
    },
    "@citation-js/plugin-bibjson": {
      "version": "0.7.1",
      "resolved": "https://registry.npmjs.org/@citation-js/plugin-bibjson/-/plugin-bibjson-0.7.1.tgz",
      "integrity": "sha512-5JnISRx9/V+dBNpHt1qoSuvojqSip7+7FvdI1CFVEo9usLaOfEzfHc2E7BlwUum993t3yJJtRdh9ClnGtutyaw==",
      "requires": {
        "@citation-js/date": "^0.5.0",
        "@citation-js/name": "^0.4.2"
      }
    },
    "@citation-js/plugin-bibtex": {
      "version": "0.7.1",
      "resolved": "https://registry.npmjs.org/@citation-js/plugin-bibtex/-/plugin-bibtex-0.7.1.tgz",
      "integrity": "sha512-dj/GzpceS/QNbU8+rVzJfXeli7XSTYVTltGv5w2RHM+CCOdtG3tiFP1Ohu3yWi+8VPMjQJG9u2W789grIqc/ng==",
      "requires": {
        "@citation-js/date": "^0.5.0",
        "@citation-js/name": "^0.4.2",
        "moo": "^0.5.1"
      }
    },
    "@citation-js/plugin-csl": {
      "version": "0.7.1",
      "resolved": "https://registry.npmjs.org/@citation-js/plugin-csl/-/plugin-csl-0.7.1.tgz",
      "integrity": "sha512-B5Yv1o04Ds8/PF3FYlfL7bL3LFpVUhCEOAEqLFN5qgk785dnU0gMhDYbpJuCbQ8P6lIQpoU7O5x+EcJvWQhqCA==",
      "requires": {
        "@citation-js/date": "^0.5.0",
        "citeproc": "^2.4.6"
      }
    },
    "@citation-js/plugin-doi": {
      "version": "0.7.1",
      "resolved": "https://registry.npmjs.org/@citation-js/plugin-doi/-/plugin-doi-0.7.1.tgz",
      "integrity": "sha512-CXZnZ8GIEFYAe3T5Dp4mNkmdi5cYkPGIVByt1MNrOsjNjcXTcNoEqV6jAYwxjws+WDksiS3g7C5oVYUMEcERgA==",
      "requires": {
        "@citation-js/date": "^0.5.0"
      }
    },
    "@citation-js/plugin-ris": {
      "version": "0.7.1",
      "resolved": "https://registry.npmjs.org/@citation-js/plugin-ris/-/plugin-ris-0.7.1.tgz",
      "integrity": "sha512-u18gC1bsX7JrT4i3BUeQkGZSq+UQ+AIjRs/zX35/F5Vi7OYTBcrfWWcZSJj1GJatin6vNXxaHZrwaVHq8LJuww==",
      "requires": {
        "@citation-js/date": "^0.5.0",
        "@citation-js/name": "^0.4.2"
      }
    },
    "@citation-js/plugin-wikidata": {
      "version": "0.7.1",
      "resolved": "https://registry.npmjs.org/@citation-js/plugin-wikidata/-/plugin-wikidata-0.7.1.tgz",
      "integrity": "sha512-7wkjbLtt9n4pcvhy2dDIJWBgKejIoUZ3TJtYe6eQ5hCkgijZ8ZR6zNB/yfIL8bDoJTvWDLqlENUXpk3vfzRYsw==",
      "requires": {
        "@citation-js/date": "^0.5.0",
        "@citation-js/name": "^0.4.2",
        "wikidata-sdk": "^8.0.0"
      }
    },
    "base64-js": {
      "version": "1.5.1",
      "resolved": "https://registry.npmjs.org/base64-js/-/base64-js-1.5.1.tgz",
      "integrity": "sha512-AKpaYlHn8t4SVbOHCy+b5+KKgvR4vrsD8vbvrbiQJps7fKDTkjkDry6ji0rUJjC0kzbNePLwzxq8iypo41qeWA=="
    },
    "buffer": {
      "version": "5.7.1",
      "resolved": "https://registry.npmjs.org/buffer/-/buffer-5.7.1.tgz",
      "integrity": "sha512-EHcyIPBQ4BSGlvjB16k5KgAJ27CIsHY/2JBmCRReo48y9rQ3MaUzWX3KVlBa4U7MyX02HdVj0K7C3WaB3ju7FQ==",
      "requires": {
        "base64-js": "^1.3.1",
        "ieee754": "^1.1.13"
      }
    },
    "citeproc": {
      "version": "2.4.62",
      "resolved": "https://registry.npmjs.org/citeproc/-/citeproc-2.4.62.tgz",
      "integrity": "sha512-l3uFfSEwNZp/jlz/TpgyBs85kOww6VlQHbAth0cpbgOn6iulZd+QlFY43LrRelzcYt3FZHTZ3soDyd8lNmkqdw=="
    },
    "commander": {
      "version": "11.0.0",
      "resolved": "https://registry.npmjs.org/commander/-/commander-11.0.0.tgz",
      "integrity": "sha512-9HMlXtt/BNoYr8ooyjjNRdIilOTkVJXB+GhxMTtOKwk0R4j4lS4NpjuqmRxroBfnfTSHQIHQB7wryHhXarNjmQ=="
    },
    "fetch-ponyfill": {
      "version": "7.1.0",
      "resolved": "https://registry.npmjs.org/fetch-ponyfill/-/fetch-ponyfill-7.1.0.tgz",
      "integrity": "sha512-FhbbL55dj/qdVO3YNK7ZEkshvj3eQ7EuIGV2I6ic/2YiocvyWv+7jg2s4AyS0wdRU75s3tA8ZxI/xPigb0v5Aw==",
      "requires": {
        "node-fetch": "~2.6.1"
      }
    },
    "ieee754": {
      "version": "1.2.1",
      "resolved": "https://registry.npmjs.org/ieee754/-/ieee754-1.2.1.tgz",
      "integrity": "sha512-dcyqhDvX1C46lXZcVqCpK+FtMRQVdIMN6/Df5js2zouUsqG7I6sFxitIC+7KYK29KdXOLHdu9zL4sFnoVQnqaA=="
    },
    "moo": {
      "version": "0.5.1",
      "resolved": "https://registry.npmjs.org/moo/-/moo-0.5.1.tgz",
      "integrity": "sha512-I1mnb5xn4fO80BH9BLcF0yLypy2UKl+Cb01Fu0hJRkJjlCRtxZMWkTdAtDd5ZqCOxtCkhmRwyI57vWT+1iZ67w=="
    },
    "node-fetch": {
      "version": "2.6.7",
      "resolved": "https://registry.npmjs.org/node-fetch/-/node-fetch-2.6.7.tgz",
      "integrity": "sha512-ZjMPFEfVx5j+y2yF35Kzx5sF7kDzxuDj6ziH4FFbOp87zKDZNx8yExJIb05OGF4Nlt9IHFIMBkRl41VdvcNdbQ==",
      "requires": {
        "whatwg-url": "^5.0.0"
      }
    },
    "sync-fetch": {
      "version": "0.4.1",
      "resolved": "https://registry.npmjs.org/sync-fetch/-/sync-fetch-0.4.1.tgz",
      "integrity": "sha512-JDtyFEvnKUzt1CxRtzzsGgkBanEv8XRmLyJo0F0nGkpCR8EjYmpOJJXz8GA/SWtlPU0nAYh0+CNMNnFworGyOA==",
      "requires": {
        "buffer": "^5.7.1",
        "node-fetch": "^2.6.1"
      }
    },
    "tr46": {
      "version": "0.0.3",
      "resolved": "https://registry.npmjs.org/tr46/-/tr46-0.0.3.tgz",
      "integrity": "sha1-gYT9NH2snNwYWZLzpmIuFLnZq2o="
    },
    "webidl-conversions": {
      "version": "3.0.1",
      "resolved": "https://registry.npmjs.org/webidl-conversions/-/webidl-conversions-3.0.1.tgz",
      "integrity": "sha1-JFNCdeKnvGvnvIZhHMFq4KVlSHE="
    },
    "whatwg-url": {
      "version": "5.0.0",
      "resolved": "https://registry.npmjs.org/whatwg-url/-/whatwg-url-5.0.0.tgz",
      "integrity": "sha1-lmRU6HZUYuN2RNNib2dCzotwll0=",
      "requires": {
        "tr46": "~0.0.3",
        "webidl-conversions": "^3.0.0"
      }
    },
    "wikibase-sdk": {
      "version": "8.0.0",
      "resolved": "https://registry.npmjs.org/wikibase-sdk/-/wikibase-sdk-8.0.0.tgz",
      "integrity": "sha512-t2mKvASLPqkDNk/CY1z4boB9F/7JsRls9qLXftO2xHAvUVzAcBD/aTjhzwRMmvLRcHfoo38cOlo8J2/tN0yTMA=="
    },
    "wikidata-sdk": {
      "version": "8.0.0",
      "resolved": "https://registry.npmjs.org/wikidata-sdk/-/wikidata-sdk-8.0.0.tgz",
      "integrity": "sha512-jhEQ6tdlSHGeDRb0DhHGPjoKRNaVr5E5dFAxVnkpdDNca7mAIBmONC24+QUCcx42MgIt6qD3s1bB3IRIYr7sRg==",
      "requires": {
        "wikibase-sdk": "^8.0.0"
      }
    }
  }
}
