{
  "name": "types",
  "version": "1.0.0",
  "lockfileVersion": 3,
  "requires": true,
  "packages": {
    "": {
      "name": "types",
      "version": "1.0.0",
      "license": "ISC",
      "dependencies": {
        "@citation-js/core": "file:../../packages/core",
        "@citation-js/plugin-bibjson": "file:../../packages/plugin-bibjson",
        "@citation-js/plugin-bibtex": "file:../../packages/plugin-bibtex",
        "@citation-js/plugin-csl": "file:../../packages/plugin-csl",
        "@citation-js/plugin-doi": "file:../../packages/plugin-doi",
        "@citation-js/plugin-ris": "file:../../packages/plugin-ris",
        "@citation-js/plugin-url": "file:../../packages/plugin-url",
        "@citation-js/plugin-wikidata": "file:../../packages/plugin-wikidata"
      }
    },
    "../../packages/core": {
      "name": "@citation-js/core",
      "version": "0.8.2",
      "license": "MIT",
      "dependencies": {
        "@citation-js/date": "^0.5.0",
        "@citation-js/name": "^0.4.2",
        "sync-fetch-undici": "^0.7.1"
      },
      "engines": {
        "node": ">=22.12.0"
      }
    },
    "../../packages/plugin-bibjson": {
      "name": "@citation-js/plugin-bibjson",
      "version": "0.8.2",
      "license": "MIT",
      "dependencies": {
        "@citation-js/date": "^0.5.0",
        "@citation-js/name": "^0.4.2"
      },
      "devDependencies": {
        "@citation-js/core": "^0.8.2"
      },
      "engines": {
        "node": ">=22.12.0"
      },
      "peerDependencies": {
        "@citation-js/core": "^0.8.0"
      }
    },
    "../../packages/plugin-bibtex": {
      "name": "@citation-js/plugin-bibtex",
      "version": "0.8.2",
      "license": "MIT",
      "dependencies": {
        "@citation-js/date": "^0.5.0",
        "@citation-js/name": "^0.4.2",
        "moo": "^0.5.1"
      },
      "devDependencies": {
        "@citation-js/core": "^0.8.2"
      },
      "engines": {
        "node": ">=22.12.0"
      },
      "peerDependencies": {
        "@citation-js/core": "^0.8.0"
      }
    },
    "../../packages/plugin-csl": {
      "name": "@citation-js/plugin-csl",
      "version": "0.8.2",
      "license": "MIT",
      "dependencies": {
        "@citation-js/date": "^0.5.0",
        "citeproc": "^2.4.6"
      },
      "devDependencies": {
        "@citation-js/core": "^0.8.2"
      },
      "engines": {
        "node": ">=22.12.0"
      },
      "peerDependencies": {
        "@citation-js/core": "^0.8.0"
      }
    },
    "../../packages/plugin-doi": {
      "name": "@citation-js/plugin-doi",
      "version": "0.8.2",
      "license": "MIT",
      "dependencies": {
        "@citation-js/date": "^0.5.0"
      },
      "devDependencies": {
        "@citation-js/core": "^0.8.2"
      },
      "engines": {
        "node": ">=22.12.0"
      },
      "peerDependencies": {
        "@citation-js/core": "^0.8.0"
      }
    },
    "../../packages/plugin-ris": {
      "name": "@citation-js/plugin-ris",
      "version": "0.8.2",
      "license": "MIT",
      "dependencies": {
        "@citation-js/date": "^0.5.0",
        "@citation-js/name": "^0.4.2"
      },
      "devDependencies": {
        "@citation-js/core": "^0.8.2"
      },
      "engines": {
        "node": ">=22.12.0"
      },
      "peerDependencies": {
        "@citation-js/core": "^0.8.0"
      }
    },
    "../../packages/plugin-url": {
      "name": "@citation-js/plugin-url",
      "version": "0.8.2",
      "license": "MIT",
      "devDependencies": {
        "@citation-js/core": "^0.8.2"
      },
      "engines": {
        "node": ">=22.12.0"
      },
      "peerDependencies": {
        "@citation-js/core": "^0.8.0"
      }
    },
    "../../packages/plugin-wikidata": {
      "name": "@citation-js/plugin-wikidata",
      "version": "0.8.2",
      "license": "MIT",
      "dependencies": {
        "@citation-js/date": "^0.5.0",
        "@citation-js/name": "^0.4.2",
        "wikibase-sdk": "^11.6.4"
      },
      "devDependencies": {
        "@citation-js/core": "^0.8.2"
      },
      "engines": {
        "node": ">=22.12.0"
      },
      "peerDependencies": {
        "@citation-js/core": "^0.8.0"
      }
    },
    "node_modules/@citation-js/core": {
      "resolved": "../../packages/core",
      "link": true
    },
    "node_modules/@citation-js/plugin-bibjson": {
      "resolved": "../../packages/plugin-bibjson",
      "link": true
    },
    "node_modules/@citation-js/plugin-bibtex": {
      "resolved": "../../packages/plugin-bibtex",
      "link": true
    },
    "node_modules/@citation-js/plugin-csl": {
      "resolved": "../../packages/plugin-csl",
      "link": true
    },
    "node_modules/@citation-js/plugin-doi": {
      "resolved": "../../packages/plugin-doi",
      "link": true
    },
    "node_modules/@citation-js/plugin-ris": {
      "resolved": "../../packages/plugin-ris",
      "link": true
    },
    "node_modules/@citation-js/plugin-url": {
      "resolved": "../../packages/plugin-url",
      "link": true
    },
    "node_modules/@citation-js/plugin-wikidata": {
      "resolved": "../../packages/plugin-wikidata",
      "link": true
    }
  }
}
